
Microsoft Visual Studio Solution File, Format Version 12.00
# Visual Studio Version 17
VisualStudioVersion = 17.5.002.0
MinimumVisualStudioVersion = 10.0.40219.1
Project("{9A19103F-16F7-4668-BE54-9A1E7A4F7556}") = "WebApiSample", "WebApiSample.csproj", "{9FBA5671-9900-4375-82A9-71FD1B26934B}"
EndProject
Global
	GlobalSection(SolutionConfigurationPlatforms) = preSolution
		Debug|Any CPU = Debug|Any CPU
		Release|Any CPU = Release|Any CPU
	EndGlobalSection
	GlobalSection(ProjectConfigurationPlatforms) = postSolution
		{9FBA5671-9900-4375-82A9-71FD1B26934B}.Debug|Any CPU.ActiveCfg = Debug|Any CPU
		{9FBA5671-9900-4375-82A9-71FD1B26934B}.Debug|Any CPU.Build.0 = Debug|Any CPU
		{9FBA5671-9900-4375-82A9-71FD1B26934B}.Release|Any CPU.ActiveCfg = Release|Any CPU
		{9FBA5671-9900-4375-82A9-71FD1B26934B}.Release|Any CPU.Build.0 = Release|Any CPU
	EndGlobalSection
	GlobalSection(SolutionProperties) = preSolution
		HideSolutionNode = FALSE
	EndGlobalSection
	GlobalSection(ExtensibilityGlobals) = postSolution
		SolutionGuid = {BAD980CF-9FAF-44AB-97F3-970AAA2EAA8B}
	EndGlobalSection
EndGlobal
